# THIS IS AN AUTOGENERATED FILE. DO NOT EDIT THIS FILE DIRECTLY.
# yarn lockfile v1


mock-raf@^1.0.0:
  version "1.0.0"
  resolved "https://registry.yarnpkg.com/mock-raf/-/mock-raf-1.0.0.tgz#a288145178893e2040b230f2182fee2049f16f25"
  dependencies:
    object-assign "^3.0.0"

object-assign@^3.0.0:
  version "3.0.0"
  resolved "https://registry.yarnpkg.com/object-assign/-/object-assign-3.0.0.tgz#9bedd5ca0897949bca47e7ff408062d549f587f2"
