# THIS IS AN AUTOGENERATED FILE. DO NOT EDIT THIS FILE DIRECTLY.
# yarn lockfile v1


rebound@^0.0.15:
  version "0.0.15"
  resolved "https://registry.yarnpkg.com/rebound/-/rebound-0.0.15.tgz#b7796972cd3e6eca37fd1477217e64c77bb122de"

tslib@^1.2.0:
  version "1.7.0"
  resolved "https://registry.yarnpkg.com/tslib/-/tslib-1.7.0.tgz#6e8366695f72961252b35167b0dd4fbeeafba491"
